
Microsoft Visual Studio Solution File, Format Version 12.00
# Visual Studio 2015
Project("{FAE04EC0-301F-11D3-BF4B-00C04F79EFBC}") = "unity-project.Plugins", "unity-project.Plugins.csproj", "{4E96CB1E-764A-6BC1-31E4-F329CA5B1EFA}"
EndProject
Project("{FAE04EC0-301F-11D3-BF4B-00C04F79EFBC}") = "unity-project.Editor.Plugins", "unity-project.Editor.Plugins.csproj", "{84B7927C-B724-5EC7-451C-6B26B4D6DD0D}"
EndProject
Global
	GlobalSection(SolutionConfigurationPlatforms) = preSolution
		Debug|Any CPU = Debug|Any CPU
		Release|Any CPU = Release|Any CPU
	EndGlobalSection
	GlobalSection(ProjectConfigurationPlatforms) = postSolution
		{4E96CB1E-764A-6BC1-31E4-F329CA5B1EFA}.Debug|Any CPU.ActiveCfg = Debug|Any CPU
		{4E96CB1E-764A-6BC1-31E4-F329CA5B1EFA}.Debug|Any CPU.Build.0 = Debug|Any CPU
		{4E96CB1E-764A-6BC1-31E4-F329CA5B1EFA}.Release|Any CPU.ActiveCfg = Release|Any CPU
		{4E96CB1E-764A-6BC1-31E4-F329CA5B1EFA}.Release|Any CPU.Build.0 = Release|Any CPU
		{84B7927C-B724-5EC7-451C-6B26B4D6DD0D}.Debug|Any CPU.ActiveCfg = Debug|Any CPU
		{84B7927C-B724-5EC7-451C-6B26B4D6DD0D}.Debug|Any CPU.Build.0 = Debug|Any CPU
		{84B7927C-B724-5EC7-451C-6B26B4D6DD0D}.Release|Any CPU.ActiveCfg = Release|Any CPU
		{84B7927C-B724-5EC7-451C-6B26B4D6DD0D}.Release|Any CPU.Build.0 = Release|Any CPU
	EndGlobalSection
	GlobalSection(SolutionProperties) = preSolution
		HideSolutionNode = FALSE
	EndGlobalSection
EndGlobal
